{
  "version": 4,
  "terraform_version": "0.13.4",
  "serial": 214,
  "lineage": "76d99fd6-e834-64eb-408a-c17f0c6634c2",
  "outputs": {
    "ip": {
      "value": {
        "vm1": {
          "arch": "x86_64",
          "autostart": null,
          "boot_device": [],
          "cloudinit": "/var/lib/libvirt/images/vm1-commoninit.iso;fb5789c0-1d39-435f-9ed4-ca6762a002fa",
          "cmdline": null,
          "console": [
            {
              "source_host": "127.0.0.1",
              "source_path": "",
              "source_service": "0",
              "target_port": "0",
              "target_type": "serial",
              "type": "pty"
            }
          ],
          "coreos_ignition": null,
          "cpu": [],
          "description": "",
          "disk": [
            {
              "block_device": "",
              "file": "",
              "scsi": false,
              "url": "",
              "volume_id": "/var/lib/libvirt/images/disk1-vm1",
              "wwn": ""
            }
          ],
          "emulator": "/usr/bin/qemu-system-x86_64",
          "filesystem": [],
          "firmware": "",
          "fw_cfg_name": "opt/com.coreos/config",
          "graphics": [
            {
              "autoport": true,
              "listen_address": "127.0.0.1",
              "listen_type": "address",
              "type": "spice",
              "websocket": 0
            }
          ],
          "id": "13bafa22-1706-473d-8e16-950f87c56a4f",
          "initrd": "",
          "kernel": "",
          "machine": "ubuntu",
          "memory": 2048,
          "metadata": null,
          "name": "vm1",
          "network_interface": [
            {
              "addresses": [
                "192.168.122.221",
                "fe80::5054:ff:fe12:2e9d"
              ],
              "bridge": "",
              "hostname": "",
              "mac": "52:54:00:12:2E:9D",
              "macvtap": "",
              "network_id": "61165956-a8df-4af6-b885-b0be6cc2ce82",
              "network_name": "default",
              "passthrough": "",
              "vepa": "",
              "wait_for_lease": true
            }
          ],
          "nvram": [],
          "qemu_agent": true,
          "running": true,
          "timeouts": null,
          "tpm": [],
          "vcpu": 2,
          "video": [],
          "xml": []
        },
        "vm2": {
          "arch": "x86_64",
          "autostart": null,
          "boot_device": [],
          "cloudinit": "/var/lib/libvirt/images/vm2-commoninit.iso;bc77a3d0-c6b3-4c54-bc49-3f9f4ab10801",
          "cmdline": null,
          "console": [
            {
              "source_host": "127.0.0.1",
              "source_path": "",
              "source_service": "0",
              "target_port": "0",
              "target_type": "serial",
              "type": "pty"
            }
          ],
          "coreos_ignition": null,
          "cpu": [],
          "description": "",
          "disk": [
            {
              "block_device": "",
              "file": "",
              "scsi": false,
              "url": "",
              "volume_id": "/var/lib/libvirt/images/disk1-vm2",
              "wwn": ""
            }
          ],
          "emulator": "/usr/bin/qemu-system-x86_64",
          "filesystem": [],
          "firmware": "",
          "fw_cfg_name": "opt/com.coreos/config",
          "graphics": [
            {
              "autoport": true,
              "listen_address": "127.0.0.1",
              "listen_type": "address",
              "type": "spice",
              "websocket": 0
            }
          ],
          "id": "8876a170-d501-4ac1-9134-345107dd540e",
          "initrd": "",
          "kernel": "",
          "machine": "ubuntu",
          "memory": 2048,
          "metadata": null,
          "name": "vm2",
          "network_interface": [
            {
              "addresses": [
                "192.168.122.167",
                "fe80::5054:ff:fef2:5b86"
              ],
              "bridge": "",
              "hostname": "",
              "mac": "52:54:00:F2:5B:86",
              "macvtap": "",
              "network_id": "61165956-a8df-4af6-b885-b0be6cc2ce82",
              "network_name": "default",
              "passthrough": "",
              "vepa": "",
              "wait_for_lease": true
            }
          ],
          "nvram": [],
          "qemu_agent": true,
          "running": true,
          "timeouts": null,
          "tpm": [],
          "vcpu": 2,
          "video": [],
          "xml": []
        },
        "vm3": {
          "arch": "x86_64",
          "autostart": null,
          "boot_device": [],
          "cloudinit": "/var/lib/libvirt/images/vm3-commoninit.iso;fa0a003c-fd0b-4576-b81f-d7cdcc8125de",
          "cmdline": null,
          "console": [
            {
              "source_host": "127.0.0.1",
              "source_path": "",
              "source_service": "0",
              "target_port": "0",
              "target_type": "serial",
              "type": "pty"
            }
          ],
          "coreos_ignition": null,
          "cpu": [],
          "description": "",
          "disk": [
            {
              "block_device": "",
              "file": "",
              "scsi": false,
              "url": "",
              "volume_id": "/var/lib/libvirt/images/disk1-vm3",
              "wwn": ""
            }
          ],
          "emulator": "/usr/bin/qemu-system-x86_64",
          "filesystem": [],
          "firmware": "",
          "fw_cfg_name": "opt/com.coreos/config",
          "graphics": [
            {
              "autoport": true,
              "listen_address": "127.0.0.1",
              "listen_type": "address",
              "type": "spice",
              "websocket": 0
            }
          ],
          "id": "8b68adb1-9796-4b35-9354-cfdf2d3f1b42",
          "initrd": "",
          "kernel": "",
          "machine": "ubuntu",
          "memory": 2048,
          "metadata": null,
          "name": "vm3",
          "network_interface": [
            {
              "addresses": [
                "192.168.122.175",
                "fe80::5054:ff:fe6a:6d8c"
              ],
              "bridge": "",
              "hostname": "",
              "mac": "52:54:00:6A:6D:8C",
              "macvtap": "",
              "network_id": "61165956-a8df-4af6-b885-b0be6cc2ce82",
              "network_name": "default",
              "passthrough": "",
              "vepa": "",
              "wait_for_lease": true
            }
          ],
          "nvram": [],
          "qemu_agent": true,
          "running": true,
          "timeouts": null,
          "tpm": [],
          "vcpu": 2,
          "video": [],
          "xml": []
        }
      },
      "type": [
        "object",
        {
          "vm1": [
            "object",
            {
              "arch": "string",
              "autostart": "bool",
              "boot_device": [
                "list",
                [
                  "object",
                  {
                    "dev": [
                      "list",
                      "string"
                    ]
                  }
                ]
              ],
              "cloudinit": "string",
              "cmdline": [
                "list",
                [
                  "map",
                  "string"
                ]
              ],
              "console": [
                "list",
                [
                  "object",
                  {
                    "source_host": "string",
                    "source_path": "string",
                    "source_service": "string",
                    "target_port": "string",
                    "target_type": "string",
                    "type": "string"
                  }
                ]
              ],
              "coreos_ignition": "string",
              "cpu": [
                "list",
                [
                  "object",
                  {
                    "mode": "string"
                  }
                ]
              ],
              "description": "string",
              "disk": [
                "list",
                [
                  "object",
                  {
                    "block_device": "string",
                    "file": "string",
                    "scsi": "bool",
                    "url": "string",
                    "volume_id": "string",
                    "wwn": "string"
                  }
                ]
              ],
              "emulator": "string",
              "filesystem": [
                "list",
                [
                  "object",
                  {
                    "accessmode": "string",
                    "readonly": "bool",
                    "source": "string",
                    "target": "string"
                  }
                ]
              ],
              "firmware": "string",
              "fw_cfg_name": "string",
              "graphics": [
                "list",
                [
                  "object",
                  {
                    "autoport": "bool",
                    "listen_address": "string",
                    "listen_type": "string",
                    "type": "string",
                    "websocket": "number"
                  }
                ]
              ],
              "id": "string",
              "initrd": "string",
              "kernel": "string",
              "machine": "string",
              "memory": "number",
              "metadata": "string",
              "name": "string",
              "network_interface": [
                "list",
                [
                  "object",
                  {
                    "addresses": [
                      "list",
                      "string"
                    ],
                    "bridge": "string",
                    "hostname": "string",
                    "mac": "string",
                    "macvtap": "string",
                    "network_id": "string",
                    "network_name": "string",
                    "passthrough": "string",
                    "vepa": "string",
                    "wait_for_lease": "bool"
                  }
                ]
              ],
              "nvram": [
                "list",
                [
                  "object",
                  {
                    "file": "string",
                    "template": "string"
                  }
                ]
              ],
              "qemu_agent": "bool",
              "running": "bool",
              "timeouts": [
                "object",
                {
                  "create": "string"
                }
              ],
              "tpm": [
                "list",
                [
                  "object",
                  {
                    "backend_device_path": "string",
                    "backend_encryption_secret": "string",
                    "backend_persistent_state": "bool",
                    "backend_type": "string",
                    "backend_version": "string",
                    "model": "string"
                  }
                ]
              ],
              "vcpu": "number",
              "video": [
                "list",
                [
                  "object",
                  {
                    "type": "string"
                  }
                ]
              ],
              "xml": [
                "list",
                [
                  "object",
                  {
                    "xslt": "string"
                  }
                ]
              ]
            }
          ],
          "vm2": [
            "object",
            {
              "arch": "string",
              "autostart": "bool",
              "boot_device": [
                "list",
                [
                  "object",
                  {
                    "dev": [
                      "list",
                      "string"
                    ]
                  }
                ]
              ],
              "cloudinit": "string",
              "cmdline": [
                "list",
                [
                  "map",
                  "string"
                ]
              ],
              "console": [
                "list",
                [
                  "object",
                  {
                    "source_host": "string",
                    "source_path": "string",
                    "source_service": "string",
                    "target_port": "string",
                    "target_type": "string",
                    "type": "string"
                  }
                ]
              ],
              "coreos_ignition": "string",
              "cpu": [
                "list",
                [
                  "object",
                  {
                    "mode": "string"
                  }
                ]
              ],
              "description": "string",
              "disk": [
                "list",
                [
                  "object",
                  {
                    "block_device": "string",
                    "file": "string",
                    "scsi": "bool",
                    "url": "string",
                    "volume_id": "string",
                    "wwn": "string"
                  }
                ]
              ],
              "emulator": "string",
              "filesystem": [
                "list",
                [
                  "object",
                  {
                    "accessmode": "string",
                    "readonly": "bool",
                    "source": "string",
                    "target": "string"
                  }
                ]
              ],
              "firmware": "string",
              "fw_cfg_name": "string",
              "graphics": [
                "list",
                [
                  "object",
                  {
                    "autoport": "bool",
                    "listen_address": "string",
                    "listen_type": "string",
                    "type": "string",
                    "websocket": "number"
                  }
                ]
              ],
              "id": "string",
              "initrd": "string",
              "kernel": "string",
              "machine": "string",
              "memory": "number",
              "metadata": "string",
              "name": "string",
              "network_interface": [
                "list",
                [
                  "object",
                  {
                    "addresses": [
                      "list",
                      "string"
                    ],
                    "bridge": "string",
                    "hostname": "string",
                    "mac": "string",
                    "macvtap": "string",
                    "network_id": "string",
                    "network_name": "string",
                    "passthrough": "string",
                    "vepa": "string",
                    "wait_for_lease": "bool"
                  }
                ]
              ],
              "nvram": [
                "list",
                [
                  "object",
                  {
                    "file": "string",
                    "template": "string"
                  }
                ]
              ],
              "qemu_agent": "bool",
              "running": "bool",
              "timeouts": [
                "object",
                {
                  "create": "string"
                }
              ],
              "tpm": [
                "list",
                [
                  "object",
                  {
                    "backend_device_path": "string",
                    "backend_encryption_secret": "string",
                    "backend_persistent_state": "bool",
                    "backend_type": "string",
                    "backend_version": "string",
                    "model": "string"
                  }
                ]
              ],
              "vcpu": "number",
              "video": [
                "list",
                [
                  "object",
                  {
                    "type": "string"
                  }
                ]
              ],
              "xml": [
                "list",
                [
                  "object",
                  {
                    "xslt": "string"
                  }
                ]
              ]
            }
          ],
          "vm3": [
            "object",
            {
              "arch": "string",
              "autostart": "bool",
              "boot_device": [
                "list",
                [
                  "object",
                  {
                    "dev": [
                      "list",
                      "string"
                    ]
                  }
                ]
              ],
              "cloudinit": "string",
              "cmdline": [
                "list",
                [
                  "map",
                  "string"
                ]
              ],
              "console": [
                "list",
                [
                  "object",
                  {
                    "source_host": "string",
                    "source_path": "string",
                    "source_service": "string",
                    "target_port": "string",
                    "target_type": "string",
                    "type": "string"
                  }
                ]
              ],
              "coreos_ignition": "string",
              "cpu": [
                "list",
                [
                  "object",
                  {
                    "mode": "string"
                  }
                ]
              ],
              "description": "string",
              "disk": [
                "list",
                [
                  "object",
                  {
                    "block_device": "string",
                    "file": "string",
                    "scsi": "bool",
                    "url": "string",
                    "volume_id": "string",
                    "wwn": "string"
                  }
                ]
              ],
              "emulator": "string",
              "filesystem": [
                "list",
                [
                  "object",
                  {
                    "accessmode": "string",
                    "readonly": "bool",
                    "source": "string",
                    "target": "string"
                  }
                ]
              ],
              "firmware": "string",
              "fw_cfg_name": "string",
              "graphics": [
                "list",
                [
                  "object",
                  {
                    "autoport": "bool",
                    "listen_address": "string",
                    "listen_type": "string",
                    "type": "string",
                    "websocket": "number"
                  }
                ]
              ],
              "id": "string",
              "initrd": "string",
              "kernel": "string",
              "machine": "string",
              "memory": "number",
              "metadata": "string",
              "name": "string",
              "network_interface": [
                "list",
                [
                  "object",
                  {
                    "addresses": [
                      "list",
                      "string"
                    ],
                    "bridge": "string",
                    "hostname": "string",
                    "mac": "string",
                    "macvtap": "string",
                    "network_id": "string",
                    "network_name": "string",
                    "passthrough": "string",
                    "vepa": "string",
                    "wait_for_lease": "bool"
                  }
                ]
              ],
              "nvram": [
                "list",
                [
                  "object",
                  {
                    "file": "string",
                    "template": "string"
                  }
                ]
              ],
              "qemu_agent": "bool",
              "running": "bool",
              "timeouts": [
                "object",
                {
                  "create": "string"
                }
              ],
              "tpm": [
                "list",
                [
                  "object",
                  {
                    "backend_device_path": "string",
                    "backend_encryption_secret": "string",
                    "backend_persistent_state": "bool",
                    "backend_type": "string",
                    "backend_version": "string",
                    "model": "string"
                  }
                ]
              ],
              "vcpu": "number",
              "video": [
                "list",
                [
                  "object",
                  {
                    "type": "string"
                  }
                ]
              ],
              "xml": [
                "list",
                [
                  "object",
                  {
                    "xslt": "string"
                  }
                ]
              ]
            }
          ]
        }
      ]
    }
  },
  "resources": [
    {
      "mode": "data",
      "type": "template_file",
      "name": "user_data",
      "provider": "provider[\"registry.terraform.io/hashicorp/template\"]",
      "instances": [
        {
          "index_key": "vm1",
          "schema_version": 0,
          "attributes": {
            "filename": null,
            "id": "6f28c22c6d81a80eace9bb5412a5c191e6c8b343d6a1139966811963142fbee5",
            "rendered": "#cloud-config\n# vim: syntax=yaml\n#\n# ***********************\n# \t---- for more examples look at: ------\n# ---\u003e https://cloudinit.readthedocs.io/en/latest/topics/examples.html\n# ******************************\n#\n# This is the configuration syntax that the write_files module\n# will know how to understand. encoding can be given b64 or gzip or (gz+b64).\n# The content will be decoded accordingly and then written to the path that is\n# provided.\n#\n# Note: Content strings here are truncated for example purposes.\nssh_pwauth: True\nchpasswd:\n  list: |\n     root:lthgfhjkm2012\n  expire: False\n\nusers:\n  - name: terraform # Change me\n    ssh_authorized_keys:\n      - ssh-rsa AAAAB3NzaC1yc2EAAAADAQABAAABgQDaCNTfSZB6m+tvTDAuqXtiZOXVYEHcNtNy8YfX4UKFtIO7hYM1x8/PaObfumac4LN6AVzXlr30Mo9glbWV5/9Rg3q94jipEDkeryVpw1FLiY/BUZ/Bl5Rh0rxuUmVDAopMQUswPocNJ4KkXoKayHrxfSktrN7hsOO4A/92TWTUs9kZpHjnahWrhUKmaH8Tkox9FWzphP4GZneJ1mROqekwOk2YQGTkak+Krb11YwthyoSgTur3W4+QgwwLTXV5p8UbZDb82KuPxZS+Vq6JmcGvNSLZ3/nPnEeKo4VlsWBlsqwoVDfbn4Nf/1NqWyU9YBTe8jf/Qo0F2jht/a5hZ1R9P/+1cetpTSSwbqBENCvaZX9J2OzCW/uZwzcTofNFxSfX8CAfzRLR/hzSaw6D32D25kV8p9HLdcPwjVNg5Lh9UMxzsvJ3dCI3xJgwdq7lnwvpnteEwMPKx0O8yNJcTrNYoDwKvcUMKmejc6Shabqzw9WmVWtzA3ltRsInIag5sYs= ivanopulo@wks2\n    sudo: ['ALL=(ALL) NOPASSWD:ALL']\n    shell: /bin/bash\n    groups: wheel\npackages:\n  - qemu-guest-agent\nruncmd:\n  - systemctl start qemu-guest-agent.service\n\n#growpart:\n#  mode: auto\n#  devices: ['/']\n",
            "template": "#cloud-config\n# vim: syntax=yaml\n#\n# ***********************\n# \t---- for more examples look at: ------\n# ---\u003e https://cloudinit.readthedocs.io/en/latest/topics/examples.html\n# ******************************\n#\n# This is the configuration syntax that the write_files module\n# will know how to understand. encoding can be given b64 or gzip or (gz+b64).\n# The content will be decoded accordingly and then written to the path that is\n# provided.\n#\n# Note: Content strings here are truncated for example purposes.\nssh_pwauth: True\nchpasswd:\n  list: |\n     root:lthgfhjkm2012\n  expire: False\n\nusers:\n  - name: terraform # Change me\n    ssh_authorized_keys:\n      - ssh-rsa AAAAB3NzaC1yc2EAAAADAQABAAABgQDaCNTfSZB6m+tvTDAuqXtiZOXVYEHcNtNy8YfX4UKFtIO7hYM1x8/PaObfumac4LN6AVzXlr30Mo9glbWV5/9Rg3q94jipEDkeryVpw1FLiY/BUZ/Bl5Rh0rxuUmVDAopMQUswPocNJ4KkXoKayHrxfSktrN7hsOO4A/92TWTUs9kZpHjnahWrhUKmaH8Tkox9FWzphP4GZneJ1mROqekwOk2YQGTkak+Krb11YwthyoSgTur3W4+QgwwLTXV5p8UbZDb82KuPxZS+Vq6JmcGvNSLZ3/nPnEeKo4VlsWBlsqwoVDfbn4Nf/1NqWyU9YBTe8jf/Qo0F2jht/a5hZ1R9P/+1cetpTSSwbqBENCvaZX9J2OzCW/uZwzcTofNFxSfX8CAfzRLR/hzSaw6D32D25kV8p9HLdcPwjVNg5Lh9UMxzsvJ3dCI3xJgwdq7lnwvpnteEwMPKx0O8yNJcTrNYoDwKvcUMKmejc6Shabqzw9WmVWtzA3ltRsInIag5sYs= ivanopulo@wks2\n    sudo: ['ALL=(ALL) NOPASSWD:ALL']\n    shell: /bin/bash\n    groups: wheel\npackages:\n  - qemu-guest-agent\nruncmd:\n  - systemctl start qemu-guest-agent.service\n\n#growpart:\n#  mode: auto\n#  devices: ['/']\n",
            "vars": null
          }
        },
        {
          "index_key": "vm2",
          "schema_version": 0,
          "attributes": {
            "filename": null,
            "id": "6f28c22c6d81a80eace9bb5412a5c191e6c8b343d6a1139966811963142fbee5",
            "rendered": "#cloud-config\n# vim: syntax=yaml\n#\n# ***********************\n# \t---- for more examples look at: ------\n# ---\u003e https://cloudinit.readthedocs.io/en/latest/topics/examples.html\n# ******************************\n#\n# This is the configuration syntax that the write_files module\n# will know how to understand. encoding can be given b64 or gzip or (gz+b64).\n# The content will be decoded accordingly and then written to the path that is\n# provided.\n#\n# Note: Content strings here are truncated for example purposes.\nssh_pwauth: True\nchpasswd:\n  list: |\n     root:lthgfhjkm2012\n  expire: False\n\nusers:\n  - name: terraform # Change me\n    ssh_authorized_keys:\n      - ssh-rsa AAAAB3NzaC1yc2EAAAADAQABAAABgQDaCNTfSZB6m+tvTDAuqXtiZOXVYEHcNtNy8YfX4UKFtIO7hYM1x8/PaObfumac4LN6AVzXlr30Mo9glbWV5/9Rg3q94jipEDkeryVpw1FLiY/BUZ/Bl5Rh0rxuUmVDAopMQUswPocNJ4KkXoKayHrxfSktrN7hsOO4A/92TWTUs9kZpHjnahWrhUKmaH8Tkox9FWzphP4GZneJ1mROqekwOk2YQGTkak+Krb11YwthyoSgTur3W4+QgwwLTXV5p8UbZDb82KuPxZS+Vq6JmcGvNSLZ3/nPnEeKo4VlsWBlsqwoVDfbn4Nf/1NqWyU9YBTe8jf/Qo0F2jht/a5hZ1R9P/+1cetpTSSwbqBENCvaZX9J2OzCW/uZwzcTofNFxSfX8CAfzRLR/hzSaw6D32D25kV8p9HLdcPwjVNg5Lh9UMxzsvJ3dCI3xJgwdq7lnwvpnteEwMPKx0O8yNJcTrNYoDwKvcUMKmejc6Shabqzw9WmVWtzA3ltRsInIag5sYs= ivanopulo@wks2\n    sudo: ['ALL=(ALL) NOPASSWD:ALL']\n    shell: /bin/bash\n    groups: wheel\npackages:\n  - qemu-guest-agent\nruncmd:\n  - systemctl start qemu-guest-agent.service\n\n#growpart:\n#  mode: auto\n#  devices: ['/']\n",
            "template": "#cloud-config\n# vim: syntax=yaml\n#\n# ***********************\n# \t---- for more examples look at: ------\n# ---\u003e https://cloudinit.readthedocs.io/en/latest/topics/examples.html\n# ******************************\n#\n# This is the configuration syntax that the write_files module\n# will know how to understand. encoding can be given b64 or gzip or (gz+b64).\n# The content will be decoded accordingly and then written to the path that is\n# provided.\n#\n# Note: Content strings here are truncated for example purposes.\nssh_pwauth: True\nchpasswd:\n  list: |\n     root:lthgfhjkm2012\n  expire: False\n\nusers:\n  - name: terraform # Change me\n    ssh_authorized_keys:\n      - ssh-rsa AAAAB3NzaC1yc2EAAAADAQABAAABgQDaCNTfSZB6m+tvTDAuqXtiZOXVYEHcNtNy8YfX4UKFtIO7hYM1x8/PaObfumac4LN6AVzXlr30Mo9glbWV5/9Rg3q94jipEDkeryVpw1FLiY/BUZ/Bl5Rh0rxuUmVDAopMQUswPocNJ4KkXoKayHrxfSktrN7hsOO4A/92TWTUs9kZpHjnahWrhUKmaH8Tkox9FWzphP4GZneJ1mROqekwOk2YQGTkak+Krb11YwthyoSgTur3W4+QgwwLTXV5p8UbZDb82KuPxZS+Vq6JmcGvNSLZ3/nPnEeKo4VlsWBlsqwoVDfbn4Nf/1NqWyU9YBTe8jf/Qo0F2jht/a5hZ1R9P/+1cetpTSSwbqBENCvaZX9J2OzCW/uZwzcTofNFxSfX8CAfzRLR/hzSaw6D32D25kV8p9HLdcPwjVNg5Lh9UMxzsvJ3dCI3xJgwdq7lnwvpnteEwMPKx0O8yNJcTrNYoDwKvcUMKmejc6Shabqzw9WmVWtzA3ltRsInIag5sYs= ivanopulo@wks2\n    sudo: ['ALL=(ALL) NOPASSWD:ALL']\n    shell: /bin/bash\n    groups: wheel\npackages:\n  - qemu-guest-agent\nruncmd:\n  - systemctl start qemu-guest-agent.service\n\n#growpart:\n#  mode: auto\n#  devices: ['/']\n",
            "vars": null
          }
        },
        {
          "index_key": "vm3",
          "schema_version": 0,
          "attributes": {
            "filename": null,
            "id": "6f28c22c6d81a80eace9bb5412a5c191e6c8b343d6a1139966811963142fbee5",
            "rendered": "#cloud-config\n# vim: syntax=yaml\n#\n# ***********************\n# \t---- for more examples look at: ------\n# ---\u003e https://cloudinit.readthedocs.io/en/latest/topics/examples.html\n# ******************************\n#\n# This is the configuration syntax that the write_files module\n# will know how to understand. encoding can be given b64 or gzip or (gz+b64).\n# The content will be decoded accordingly and then written to the path that is\n# provided.\n#\n# Note: Content strings here are truncated for example purposes.\nssh_pwauth: True\nchpasswd:\n  list: |\n     root:lthgfhjkm2012\n  expire: False\n\nusers:\n  - name: terraform # Change me\n    ssh_authorized_keys:\n      - ssh-rsa AAAAB3NzaC1yc2EAAAADAQABAAABgQDaCNTfSZB6m+tvTDAuqXtiZOXVYEHcNtNy8YfX4UKFtIO7hYM1x8/PaObfumac4LN6AVzXlr30Mo9glbWV5/9Rg3q94jipEDkeryVpw1FLiY/BUZ/Bl5Rh0rxuUmVDAopMQUswPocNJ4KkXoKayHrxfSktrN7hsOO4A/92TWTUs9kZpHjnahWrhUKmaH8Tkox9FWzphP4GZneJ1mROqekwOk2YQGTkak+Krb11YwthyoSgTur3W4+QgwwLTXV5p8UbZDb82KuPxZS+Vq6JmcGvNSLZ3/nPnEeKo4VlsWBlsqwoVDfbn4Nf/1NqWyU9YBTe8jf/Qo0F2jht/a5hZ1R9P/+1cetpTSSwbqBENCvaZX9J2OzCW/uZwzcTofNFxSfX8CAfzRLR/hzSaw6D32D25kV8p9HLdcPwjVNg5Lh9UMxzsvJ3dCI3xJgwdq7lnwvpnteEwMPKx0O8yNJcTrNYoDwKvcUMKmejc6Shabqzw9WmVWtzA3ltRsInIag5sYs= ivanopulo@wks2\n    sudo: ['ALL=(ALL) NOPASSWD:ALL']\n    shell: /bin/bash\n    groups: wheel\npackages:\n  - qemu-guest-agent\nruncmd:\n  - systemctl start qemu-guest-agent.service\n\n#growpart:\n#  mode: auto\n#  devices: ['/']\n",
            "template": "#cloud-config\n# vim: syntax=yaml\n#\n# ***********************\n# \t---- for more examples look at: ------\n# ---\u003e https://cloudinit.readthedocs.io/en/latest/topics/examples.html\n# ******************************\n#\n# This is the configuration syntax that the write_files module\n# will know how to understand. encoding can be given b64 or gzip or (gz+b64).\n# The content will be decoded accordingly and then written to the path that is\n# provided.\n#\n# Note: Content strings here are truncated for example purposes.\nssh_pwauth: True\nchpasswd:\n  list: |\n     root:lthgfhjkm2012\n  expire: False\n\nusers:\n  - name: terraform # Change me\n    ssh_authorized_keys:\n      - ssh-rsa AAAAB3NzaC1yc2EAAAADAQABAAABgQDaCNTfSZB6m+tvTDAuqXtiZOXVYEHcNtNy8YfX4UKFtIO7hYM1x8/PaObfumac4LN6AVzXlr30Mo9glbWV5/9Rg3q94jipEDkeryVpw1FLiY/BUZ/Bl5Rh0rxuUmVDAopMQUswPocNJ4KkXoKayHrxfSktrN7hsOO4A/92TWTUs9kZpHjnahWrhUKmaH8Tkox9FWzphP4GZneJ1mROqekwOk2YQGTkak+Krb11YwthyoSgTur3W4+QgwwLTXV5p8UbZDb82KuPxZS+Vq6JmcGvNSLZ3/nPnEeKo4VlsWBlsqwoVDfbn4Nf/1NqWyU9YBTe8jf/Qo0F2jht/a5hZ1R9P/+1cetpTSSwbqBENCvaZX9J2OzCW/uZwzcTofNFxSfX8CAfzRLR/hzSaw6D32D25kV8p9HLdcPwjVNg5Lh9UMxzsvJ3dCI3xJgwdq7lnwvpnteEwMPKx0O8yNJcTrNYoDwKvcUMKmejc6Shabqzw9WmVWtzA3ltRsInIag5sYs= ivanopulo@wks2\n    sudo: ['ALL=(ALL) NOPASSWD:ALL']\n    shell: /bin/bash\n    groups: wheel\npackages:\n  - qemu-guest-agent\nruncmd:\n  - systemctl start qemu-guest-agent.service\n\n#growpart:\n#  mode: auto\n#  devices: ['/']\n",
            "vars": null
          }
        }
      ]
    },
    {
      "mode": "managed",
      "type": "libvirt_cloudinit_disk",
      "name": "commoninit",
      "provider": "provider[\"registry.terraform.io/dmacvicar/libvirt\"]",
      "instances": [
        {
          "index_key": "vm1",
          "schema_version": 0,
          "attributes": {
            "id": "/var/lib/libvirt/images/vm1-commoninit.iso;fb5789c0-1d39-435f-9ed4-ca6762a002fa",
            "meta_data": "",
            "name": "vm1-commoninit.iso",
            "network_config": "",
            "pool": "default",
            "user_data": "#cloud-config\n# vim: syntax=yaml\n#\n# ***********************\n# \t---- for more examples look at: ------\n# ---\u003e https://cloudinit.readthedocs.io/en/latest/topics/examples.html\n# ******************************\n#\n# This is the configuration syntax that the write_files module\n# will know how to understand. encoding can be given b64 or gzip or (gz+b64).\n# The content will be decoded accordingly and then written to the path that is\n# provided.\n#\n# Note: Content strings here are truncated for example purposes.\nssh_pwauth: True\nchpasswd:\n  list: |\n     root:lthgfhjkm2012\n  expire: False\n\nusers:\n  - name: terraform # Change me\n    ssh_authorized_keys:\n      - ssh-rsa AAAAB3NzaC1yc2EAAAADAQABAAABgQDaCNTfSZB6m+tvTDAuqXtiZOXVYEHcNtNy8YfX4UKFtIO7hYM1x8/PaObfumac4LN6AVzXlr30Mo9glbWV5/9Rg3q94jipEDkeryVpw1FLiY/BUZ/Bl5Rh0rxuUmVDAopMQUswPocNJ4KkXoKayHrxfSktrN7hsOO4A/92TWTUs9kZpHjnahWrhUKmaH8Tkox9FWzphP4GZneJ1mROqekwOk2YQGTkak+Krb11YwthyoSgTur3W4+QgwwLTXV5p8UbZDb82KuPxZS+Vq6JmcGvNSLZ3/nPnEeKo4VlsWBlsqwoVDfbn4Nf/1NqWyU9YBTe8jf/Qo0F2jht/a5hZ1R9P/+1cetpTSSwbqBENCvaZX9J2OzCW/uZwzcTofNFxSfX8CAfzRLR/hzSaw6D32D25kV8p9HLdcPwjVNg5Lh9UMxzsvJ3dCI3xJgwdq7lnwvpnteEwMPKx0O8yNJcTrNYoDwKvcUMKmejc6Shabqzw9WmVWtzA3ltRsInIag5sYs= ivanopulo@wks2\n    sudo: ['ALL=(ALL) NOPASSWD:ALL']\n    shell: /bin/bash\n    groups: wheel\npackages:\n  - qemu-guest-agent\nruncmd:\n  - systemctl start qemu-guest-agent.service\n\n#growpart:\n#  mode: auto\n#  devices: ['/']\n"
          },
          "private": "bnVsbA==",
          "dependencies": [
            "data.template_file.user_data"
          ]
        },
        {
          "index_key": "vm2",
          "schema_version": 0,
          "attributes": {
            "id": "/var/lib/libvirt/images/vm2-commoninit.iso;bc77a3d0-c6b3-4c54-bc49-3f9f4ab10801",
            "meta_data": "",
            "name": "vm2-commoninit.iso",
            "network_config": "",
            "pool": "default",
            "user_data": "#cloud-config\n# vim: syntax=yaml\n#\n# ***********************\n# \t---- for more examples look at: ------\n# ---\u003e https://cloudinit.readthedocs.io/en/latest/topics/examples.html\n# ******************************\n#\n# This is the configuration syntax that the write_files module\n# will know how to understand. encoding can be given b64 or gzip or (gz+b64).\n# The content will be decoded accordingly and then written to the path that is\n# provided.\n#\n# Note: Content strings here are truncated for example purposes.\nssh_pwauth: True\nchpasswd:\n  list: |\n     root:lthgfhjkm2012\n  expire: False\n\nusers:\n  - name: terraform # Change me\n    ssh_authorized_keys:\n      - ssh-rsa AAAAB3NzaC1yc2EAAAADAQABAAABgQDaCNTfSZB6m+tvTDAuqXtiZOXVYEHcNtNy8YfX4UKFtIO7hYM1x8/PaObfumac4LN6AVzXlr30Mo9glbWV5/9Rg3q94jipEDkeryVpw1FLiY/BUZ/Bl5Rh0rxuUmVDAopMQUswPocNJ4KkXoKayHrxfSktrN7hsOO4A/92TWTUs9kZpHjnahWrhUKmaH8Tkox9FWzphP4GZneJ1mROqekwOk2YQGTkak+Krb11YwthyoSgTur3W4+QgwwLTXV5p8UbZDb82KuPxZS+Vq6JmcGvNSLZ3/nPnEeKo4VlsWBlsqwoVDfbn4Nf/1NqWyU9YBTe8jf/Qo0F2jht/a5hZ1R9P/+1cetpTSSwbqBENCvaZX9J2OzCW/uZwzcTofNFxSfX8CAfzRLR/hzSaw6D32D25kV8p9HLdcPwjVNg5Lh9UMxzsvJ3dCI3xJgwdq7lnwvpnteEwMPKx0O8yNJcTrNYoDwKvcUMKmejc6Shabqzw9WmVWtzA3ltRsInIag5sYs= ivanopulo@wks2\n    sudo: ['ALL=(ALL) NOPASSWD:ALL']\n    shell: /bin/bash\n    groups: wheel\npackages:\n  - qemu-guest-agent\nruncmd:\n  - systemctl start qemu-guest-agent.service\n\n#growpart:\n#  mode: auto\n#  devices: ['/']\n"
          },
          "private": "bnVsbA==",
          "dependencies": [
            "data.template_file.user_data"
          ]
        },
        {
          "index_key": "vm3",
          "schema_version": 0,
          "attributes": {
            "id": "/var/lib/libvirt/images/vm3-commoninit.iso;fa0a003c-fd0b-4576-b81f-d7cdcc8125de",
            "meta_data": "",
            "name": "vm3-commoninit.iso",
            "network_config": "",
            "pool": "default",
            "user_data": "#cloud-config\n# vim: syntax=yaml\n#\n# ***********************\n# \t---- for more examples look at: ------\n# ---\u003e https://cloudinit.readthedocs.io/en/latest/topics/examples.html\n# ******************************\n#\n# This is the configuration syntax that the write_files module\n# will know how to understand. encoding can be given b64 or gzip or (gz+b64).\n# The content will be decoded accordingly and then written to the path that is\n# provided.\n#\n# Note: Content strings here are truncated for example purposes.\nssh_pwauth: True\nchpasswd:\n  list: |\n     root:lthgfhjkm2012\n  expire: False\n\nusers:\n  - name: terraform # Change me\n    ssh_authorized_keys:\n      - ssh-rsa AAAAB3NzaC1yc2EAAAADAQABAAABgQDaCNTfSZB6m+tvTDAuqXtiZOXVYEHcNtNy8YfX4UKFtIO7hYM1x8/PaObfumac4LN6AVzXlr30Mo9glbWV5/9Rg3q94jipEDkeryVpw1FLiY/BUZ/Bl5Rh0rxuUmVDAopMQUswPocNJ4KkXoKayHrxfSktrN7hsOO4A/92TWTUs9kZpHjnahWrhUKmaH8Tkox9FWzphP4GZneJ1mROqekwOk2YQGTkak+Krb11YwthyoSgTur3W4+QgwwLTXV5p8UbZDb82KuPxZS+Vq6JmcGvNSLZ3/nPnEeKo4VlsWBlsqwoVDfbn4Nf/1NqWyU9YBTe8jf/Qo0F2jht/a5hZ1R9P/+1cetpTSSwbqBENCvaZX9J2OzCW/uZwzcTofNFxSfX8CAfzRLR/hzSaw6D32D25kV8p9HLdcPwjVNg5Lh9UMxzsvJ3dCI3xJgwdq7lnwvpnteEwMPKx0O8yNJcTrNYoDwKvcUMKmejc6Shabqzw9WmVWtzA3ltRsInIag5sYs= ivanopulo@wks2\n    sudo: ['ALL=(ALL) NOPASSWD:ALL']\n    shell: /bin/bash\n    groups: wheel\npackages:\n  - qemu-guest-agent\nruncmd:\n  - systemctl start qemu-guest-agent.service\n\n#growpart:\n#  mode: auto\n#  devices: ['/']\n"
          },
          "private": "bnVsbA==",
          "dependencies": [
            "data.template_file.user_data"
          ]
        }
      ]
    },
    {
      "mode": "managed",
      "type": "libvirt_domain",
      "name": "ubuntu-jammy",
      "provider": "provider[\"registry.terraform.io/dmacvicar/libvirt\"]",
      "instances": [
        {
          "index_key": "vm1",
          "schema_version": 0,
          "attributes": {
            "arch": "x86_64",
            "autostart": null,
            "boot_device": [],
            "cloudinit": "/var/lib/libvirt/images/vm1-commoninit.iso;fb5789c0-1d39-435f-9ed4-ca6762a002fa",
            "cmdline": null,
            "console": [
              {
                "source_host": "127.0.0.1",
                "source_path": "",
                "source_service": "0",
                "target_port": "0",
                "target_type": "serial",
                "type": "pty"
              }
            ],
            "coreos_ignition": null,
            "cpu": [],
            "description": "",
            "disk": [
              {
                "block_device": "",
                "file": "",
                "scsi": false,
                "url": "",
                "volume_id": "/var/lib/libvirt/images/disk1-vm1",
                "wwn": ""
              }
            ],
            "emulator": "/usr/bin/qemu-system-x86_64",
            "filesystem": [],
            "firmware": "",
            "fw_cfg_name": "opt/com.coreos/config",
            "graphics": [
              {
                "autoport": true,
                "listen_address": "127.0.0.1",
                "listen_type": "address",
                "type": "spice",
                "websocket": 0
              }
            ],
            "id": "13bafa22-1706-473d-8e16-950f87c56a4f",
            "initrd": "",
            "kernel": "",
            "machine": "ubuntu",
            "memory": 2048,
            "metadata": null,
            "name": "vm1",
            "network_interface": [
              {
                "addresses": [
                  "192.168.122.221",
                  "fe80::5054:ff:fe12:2e9d"
                ],
                "bridge": "",
                "hostname": "",
                "mac": "52:54:00:12:2E:9D",
                "macvtap": "",
                "network_id": "61165956-a8df-4af6-b885-b0be6cc2ce82",
                "network_name": "default",
                "passthrough": "",
                "vepa": "",
                "wait_for_lease": true
              }
            ],
            "nvram": [],
            "qemu_agent": true,
            "running": true,
            "timeouts": null,
            "tpm": [],
            "vcpu": 2,
            "video": [],
            "xml": []
          },
          "private": "eyJlMmJmYjczMC1lY2FhLTExZTYtOGY4OC0zNDM2M2JjN2M0YzAiOnsiY3JlYXRlIjozMDAwMDAwMDAwMDB9fQ==",
          "dependencies": [
            "data.template_file.user_data",
            "libvirt_cloudinit_disk.commoninit",
            "libvirt_volume.disk1",
            "libvirt_volume.ubuntu-22-04-amd64"
          ]
        },
        {
          "index_key": "vm2",
          "schema_version": 0,
          "attributes": {
            "arch": "x86_64",
            "autostart": null,
            "boot_device": [],
            "cloudinit": "/var/lib/libvirt/images/vm2-commoninit.iso;bc77a3d0-c6b3-4c54-bc49-3f9f4ab10801",
            "cmdline": null,
            "console": [
              {
                "source_host": "127.0.0.1",
                "source_path": "",
                "source_service": "0",
                "target_port": "0",
                "target_type": "serial",
                "type": "pty"
              }
            ],
            "coreos_ignition": null,
            "cpu": [],
            "description": "",
            "disk": [
              {
                "block_device": "",
                "file": "",
                "scsi": false,
                "url": "",
                "volume_id": "/var/lib/libvirt/images/disk1-vm2",
                "wwn": ""
              }
            ],
            "emulator": "/usr/bin/qemu-system-x86_64",
            "filesystem": [],
            "firmware": "",
            "fw_cfg_name": "opt/com.coreos/config",
            "graphics": [
              {
                "autoport": true,
                "listen_address": "127.0.0.1",
                "listen_type": "address",
                "type": "spice",
                "websocket": 0
              }
            ],
            "id": "8876a170-d501-4ac1-9134-345107dd540e",
            "initrd": "",
            "kernel": "",
            "machine": "ubuntu",
            "memory": 2048,
            "metadata": null,
            "name": "vm2",
            "network_interface": [
              {
                "addresses": [
                  "192.168.122.167",
                  "fe80::5054:ff:fef2:5b86"
                ],
                "bridge": "",
                "hostname": "",
                "mac": "52:54:00:F2:5B:86",
                "macvtap": "",
                "network_id": "61165956-a8df-4af6-b885-b0be6cc2ce82",
                "network_name": "default",
                "passthrough": "",
                "vepa": "",
                "wait_for_lease": true
              }
            ],
            "nvram": [],
            "qemu_agent": true,
            "running": true,
            "timeouts": null,
            "tpm": [],
            "vcpu": 2,
            "video": [],
            "xml": []
          },
          "private": "eyJlMmJmYjczMC1lY2FhLTExZTYtOGY4OC0zNDM2M2JjN2M0YzAiOnsiY3JlYXRlIjozMDAwMDAwMDAwMDB9fQ==",
          "dependencies": [
            "data.template_file.user_data",
            "libvirt_cloudinit_disk.commoninit",
            "libvirt_volume.disk1",
            "libvirt_volume.ubuntu-22-04-amd64"
          ]
        },
        {
          "index_key": "vm3",
          "schema_version": 0,
          "attributes": {
            "arch": "x86_64",
            "autostart": null,
            "boot_device": [],
            "cloudinit": "/var/lib/libvirt/images/vm3-commoninit.iso;fa0a003c-fd0b-4576-b81f-d7cdcc8125de",
            "cmdline": null,
            "console": [
              {
                "source_host": "127.0.0.1",
                "source_path": "",
                "source_service": "0",
                "target_port": "0",
                "target_type": "serial",
                "type": "pty"
              }
            ],
            "coreos_ignition": null,
            "cpu": [],
            "description": "",
            "disk": [
              {
                "block_device": "",
                "file": "",
                "scsi": false,
                "url": "",
                "volume_id": "/var/lib/libvirt/images/disk1-vm3",
                "wwn": ""
              }
            ],
            "emulator": "/usr/bin/qemu-system-x86_64",
            "filesystem": [],
            "firmware": "",
            "fw_cfg_name": "opt/com.coreos/config",
            "graphics": [
              {
                "autoport": true,
                "listen_address": "127.0.0.1",
                "listen_type": "address",
                "type": "spice",
                "websocket": 0
              }
            ],
            "id": "8b68adb1-9796-4b35-9354-cfdf2d3f1b42",
            "initrd": "",
            "kernel": "",
            "machine": "ubuntu",
            "memory": 2048,
            "metadata": null,
            "name": "vm3",
            "network_interface": [
              {
                "addresses": [
                  "192.168.122.175",
                  "fe80::5054:ff:fe6a:6d8c"
                ],
                "bridge": "",
                "hostname": "",
                "mac": "52:54:00:6A:6D:8C",
                "macvtap": "",
                "network_id": "61165956-a8df-4af6-b885-b0be6cc2ce82",
                "network_name": "default",
                "passthrough": "",
                "vepa": "",
                "wait_for_lease": true
              }
            ],
            "nvram": [],
            "qemu_agent": true,
            "running": true,
            "timeouts": null,
            "tpm": [],
            "vcpu": 2,
            "video": [],
            "xml": []
          },
          "private": "eyJlMmJmYjczMC1lY2FhLTExZTYtOGY4OC0zNDM2M2JjN2M0YzAiOnsiY3JlYXRlIjozMDAwMDAwMDAwMDB9fQ==",
          "dependencies": [
            "data.template_file.user_data",
            "libvirt_cloudinit_disk.commoninit",
            "libvirt_volume.disk1",
            "libvirt_volume.ubuntu-22-04-amd64"
          ]
        }
      ]
    },
    {
      "mode": "managed",
      "type": "libvirt_volume",
      "name": "disk1",
      "provider": "provider[\"registry.terraform.io/dmacvicar/libvirt\"]",
      "instances": [
        {
          "index_key": "vm1",
          "schema_version": 0,
          "attributes": {
            "base_volume_id": "/data/LAB/libvirt-vms/os-img-vm1",
            "base_volume_name": null,
            "base_volume_pool": "libvirt-vms",
            "format": "qcow2",
            "id": "/var/lib/libvirt/images/disk1-vm1",
            "name": "disk1-vm1",
            "pool": "default",
            "size": 13221225472,
            "source": null,
            "xml": []
          },
          "private": "bnVsbA==",
          "dependencies": [
            "libvirt_volume.ubuntu-22-04-amd64"
          ]
        },
        {
          "index_key": "vm2",
          "schema_version": 0,
          "attributes": {
            "base_volume_id": "/data/LAB/libvirt-vms/os-img-vm2",
            "base_volume_name": null,
            "base_volume_pool": "libvirt-vms",
            "format": "qcow2",
            "id": "/var/lib/libvirt/images/disk1-vm2",
            "name": "disk1-vm2",
            "pool": "default",
            "size": 13221225472,
            "source": null,
            "xml": []
          },
          "private": "bnVsbA==",
          "dependencies": [
            "libvirt_volume.ubuntu-22-04-amd64"
          ]
        },
        {
          "index_key": "vm3",
          "schema_version": 0,
          "attributes": {
            "base_volume_id": "/data/LAB/libvirt-vms/os-img-vm3",
            "base_volume_name": null,
            "base_volume_pool": "libvirt-vms",
            "format": "qcow2",
            "id": "/var/lib/libvirt/images/disk1-vm3",
            "name": "disk1-vm3",
            "pool": "default",
            "size": 13221225472,
            "source": null,
            "xml": []
          },
          "private": "bnVsbA==",
          "dependencies": [
            "libvirt_volume.ubuntu-22-04-amd64"
          ]
        }
      ]
    },
    {
      "mode": "managed",
      "type": "libvirt_volume",
      "name": "ubuntu-22-04-amd64",
      "provider": "provider[\"registry.terraform.io/dmacvicar/libvirt\"]",
      "instances": [
        {
          "index_key": "vm1",
          "schema_version": 0,
          "attributes": {
            "base_volume_id": null,
            "base_volume_name": null,
            "base_volume_pool": null,
            "format": "qcow2",
            "id": "/data/LAB/libvirt-vms/os-img-vm1",
            "name": "os-img-vm1",
            "pool": "libvirt-vms",
            "size": 2361393152,
            "source": "/home/ivanopulo/Downloads/jammy-server-cloudimg-amd64.img",
            "xml": []
          },
          "private": "bnVsbA=="
        },
        {
          "index_key": "vm2",
          "schema_version": 0,
          "attributes": {
            "base_volume_id": null,
            "base_volume_name": null,
            "base_volume_pool": null,
            "format": "qcow2",
            "id": "/data/LAB/libvirt-vms/os-img-vm2",
            "name": "os-img-vm2",
            "pool": "libvirt-vms",
            "size": 2361393152,
            "source": "/home/ivanopulo/Downloads/jammy-server-cloudimg-amd64.img",
            "xml": []
          },
          "private": "bnVsbA=="
        },
        {
          "index_key": "vm3",
          "schema_version": 0,
          "attributes": {
            "base_volume_id": null,
            "base_volume_name": null,
            "base_volume_pool": null,
            "format": "qcow2",
            "id": "/data/LAB/libvirt-vms/os-img-vm3",
            "name": "os-img-vm3",
            "pool": "libvirt-vms",
            "size": 2361393152,
            "source": "/home/ivanopulo/Downloads/jammy-server-cloudimg-amd64.img",
            "xml": []
          },
          "private": "bnVsbA=="
        }
      ]
    }
  ]
}
